{
  "version": 4,
  "terraform_version": "1.3.3",
  "serial": 45,
  "lineage": "cb0f90b7-a707-88cd-fb03-97d4ba5f5cfb",
  "outputs": {},
  "resources": [
    {
      "mode": "managed",
      "type": "azurerm_app_service",
      "name": "example",
      "provider": "provider[\"registry.terraform.io/hashicorp/azurerm\"]",
      "instances": [
        {
          "schema_version": 0,
          "attributes": {
            "app_service_plan_id": "/subscriptions/39f138b6-9b8c-448b-bfae-d1da7442b445/resourceGroups/Prasanga-test-rg/providers/Microsoft.Web/serverfarms/webapp-asp-windows-63996",
            "app_settings": {
              "WEBSITE_NODE_DEFAULT_VERSION": "6.9.1"
            },
            "auth_settings": [
              {
                "active_directory": [],
                "additional_login_params": {},
                "allowed_external_redirect_urls": [],
                "default_provider": "",
                "enabled": false,
                "facebook": [],
                "google": [],
                "issuer": "",
                "microsoft": [],
                "runtime_version": "",
                "token_refresh_extension_hours": 0,
                "token_store_enabled": false,
                "twitter": [],
                "unauthenticated_client_action": ""
              }
            ],
            "backup": [],
            "client_affinity_enabled": false,
            "client_cert_enabled": false,
            "client_cert_mode": "Required",
            "connection_string": [],
            "custom_domain_verification_id": "722468D2219B6ED37F0375B8A6E673282C25E6A1C00E9C5FAD58FF82217D355E",
            "default_site_hostname": "webapp-windows-63996.azurewebsites.net",
            "enabled": true,
            "https_only": false,
            "id": "/subscriptions/39f138b6-9b8c-448b-bfae-d1da7442b445/resourceGroups/Prasanga-test-rg/providers/Microsoft.Web/sites/webapp-windows-63996",
            "identity": [],
            "key_vault_reference_identity_id": "SystemAssigned",
            "location": "westeurope",
            "logs": [
              {
                "application_logs": [
                  {
                    "azure_blob_storage": [],
                    "file_system_level": "Off"
                  }
                ],
                "detailed_error_messages_enabled": false,
                "failed_request_tracing_enabled": false,
                "http_logs": [
                  {
                    "azure_blob_storage": [],
                    "file_system": []
                  }
                ]
              }
            ],
            "name": "webapp-windows-63996",
            "outbound_ip_address_list": [
              "20.93.242.28",
              "20.93.242.31",
              "20.93.242.45",
              "20.93.242.99",
              "20.93.242.162",
              "20.93.243.68",
              "20.105.232.23"
            ],
            "outbound_ip_addresses": "20.93.242.28,20.93.242.31,20.93.242.45,20.93.242.99,20.93.242.162,20.93.243.68,20.105.232.23",
            "possible_outbound_ip_address_list": [
              "20.93.242.28",
              "20.93.242.31",
              "20.93.242.45",
              "20.93.242.99",
              "20.93.242.162",
              "20.93.243.68",
              "20.93.243.111",
              "20.93.245.74",
              "20.93.245.96",
              "20.93.245.118",
              "20.93.246.15",
              "20.93.246.96",
              "20.93.246.155",
              "20.93.246.249",
              "20.93.247.29",
              "20.93.247.56",
              "20.93.247.78",
              "20.93.247.146",
              "20.93.247.168",
              "20.93.247.192",
              "20.93.247.221",
              "20.93.247.226",
              "20.93.247.244",
              "20.93.247.249",
              "20.103.192.40",
              "20.103.192.108",
              "20.103.192.153",
              "20.103.192.156",
              "20.103.192.223",
              "20.103.192.246",
              "20.105.232.23"
            ],
            "possible_outbound_ip_addresses": "20.93.242.28,20.93.242.31,20.93.242.45,20.93.242.99,20.93.242.162,20.93.243.68,20.93.243.111,20.93.245.74,20.93.245.96,20.93.245.118,20.93.246.15,20.93.246.96,20.93.246.155,20.93.246.249,20.93.247.29,20.93.247.56,20.93.247.78,20.93.247.146,20.93.247.168,20.93.247.192,20.93.247.221,20.93.247.226,20.93.247.244,20.93.247.249,20.103.192.40,20.103.192.108,20.103.192.153,20.103.192.156,20.103.192.223,20.103.192.246,20.105.232.23",
            "resource_group_name": "Prasanga-test-rg",
            "site_config": [
              {
                "acr_use_managed_identity_credentials": false,
                "acr_user_managed_identity_client_id": "",
                "always_on": false,
                "app_command_line": "",
                "auto_swap_slot_name": "",
                "cors": [
                  {
                    "allowed_origins": [],
                    "support_credentials": false
                  }
                ],
                "default_documents": null,
                "dotnet_framework_version": "v4.0",
                "ftps_state": "AllAllowed",
                "health_check_path": "",
                "http2_enabled": false,
                "ip_restriction": [],
                "java_container": "",
                "java_container_version": "",
                "java_version": "",
                "linux_fx_version": "",
                "local_mysql_enabled": false,
                "managed_pipeline_mode": "Integrated",
                "min_tls_version": "1.2",
                "number_of_workers": 1,
                "php_version": "",
                "python_version": "",
                "remote_debugging_enabled": false,
                "remote_debugging_version": "VS2019",
                "scm_ip_restriction": [],
                "scm_type": "None",
                "scm_use_main_ip_restriction": false,
                "use_32_bit_worker_process": false,
                "vnet_route_all_enabled": false,
                "websockets_enabled": false,
                "windows_fx_version": "node|10.6"
              }
            ],
            "site_credential": [
              {
                "password": "ugAvgd65W1ycBqKfT5wcB9qRpQwxtyH0oZCDfB2q7RaBD0ffsHpcXhulxrlD",
                "username": "$webapp-windows-63996"
              }
            ],
            "source_control": [
              {
                "branch": "main",
                "manual_integration": false,
                "repo_url": "",
                "rollback_enabled": false,
                "use_mercurial": false
              }
            ],
            "storage_account": [],
            "tags": null,
            "timeouts": null
          },
          "sensitive_attributes": [],
          "private": "eyJlMmJmYjczMC1lY2FhLTExZTYtOGY4OC0zNDM2M2JjN2M0YzAiOnsiY3JlYXRlIjoxODAwMDAwMDAwMDAwLCJkZWxldGUiOjE4MDAwMDAwMDAwMDAsInJlYWQiOjMwMDAwMDAwMDAwMCwidXBkYXRlIjoxODAwMDAwMDAwMDAwfX0=",
          "dependencies": [
            "azurerm_app_service_plan.example",
            "azurerm_resource_group.Prasanga",
            "random_integer.ri"
          ]
        }
      ]
    },
    {
      "mode": "managed",
      "type": "azurerm_app_service_plan",
      "name": "example",
      "provider": "provider[\"registry.terraform.io/hashicorp/azurerm\"]",
      "instances": [
        {
          "schema_version": 0,
          "attributes": {
            "app_service_environment_id": "",
            "id": "/subscriptions/39f138b6-9b8c-448b-bfae-d1da7442b445/resourceGroups/Prasanga-test-rg/providers/Microsoft.Web/serverfarms/webapp-asp-windows-63996",
            "is_xenon": false,
            "kind": "Windows",
            "location": "westeurope",
            "maximum_elastic_worker_count": 1,
            "maximum_number_of_workers": 10,
            "name": "webapp-asp-windows-63996",
            "per_site_scaling": false,
            "reserved": false,
            "resource_group_name": "Prasanga-test-rg",
            "sku": [
              {
                "capacity": 1,
                "size": "S1",
                "tier": "Standard"
              }
            ],
            "tags": null,
            "timeouts": null,
            "zone_redundant": false
          },
          "sensitive_attributes": [],
          "private": "eyJlMmJmYjczMC1lY2FhLTExZTYtOGY4OC0zNDM2M2JjN2M0YzAiOnsiY3JlYXRlIjozNjAwMDAwMDAwMDAwLCJkZWxldGUiOjM2MDAwMDAwMDAwMDAsInJlYWQiOjMwMDAwMDAwMDAwMCwidXBkYXRlIjozNjAwMDAwMDAwMDAwfX0=",
          "dependencies": [
            "azurerm_resource_group.Prasanga",
            "random_integer.ri"
          ]
        }
      ]
    },
    {
      "mode": "managed",
      "type": "azurerm_linux_web_app",
      "name": "example2",
      "provider": "provider[\"registry.terraform.io/hashicorp/azurerm\"]",
      "instances": [
        {
          "schema_version": 0,
          "attributes": {
            "app_settings": null,
            "auth_settings": [
              {
                "active_directory": [],
                "additional_login_parameters": {},
                "allowed_external_redirect_urls": [],
                "default_provider": "",
                "enabled": false,
                "facebook": [],
                "github": [],
                "google": [],
                "issuer": "",
                "microsoft": [],
                "runtime_version": "",
                "token_refresh_extension_hours": 0,
                "token_store_enabled": false,
                "twitter": [],
                "unauthenticated_client_action": ""
              }
            ],
            "backup": [],
            "client_affinity_enabled": false,
            "client_certificate_enabled": false,
            "client_certificate_mode": "Required",
            "connection_string": [],
            "custom_domain_verification_id": "722468D2219B6ED37F0375B8A6E673282C25E6A1C00E9C5FAD58FF82217D355E",
            "default_hostname": "webapp-63996.azurewebsites.net",
            "enabled": true,
            "https_only": false,
            "id": "/subscriptions/39f138b6-9b8c-448b-bfae-d1da7442b445/resourceGroups/Prasanga-test-rg/providers/Microsoft.Web/sites/webapp-63996",
            "identity": [],
            "key_vault_reference_identity_id": "SystemAssigned",
            "kind": "app,linux",
            "location": "westeurope",
            "logs": [],
            "name": "webapp-63996",
            "outbound_ip_address_list": [
              "20.86.239.120",
              "20.86.239.164",
              "20.86.238.36",
              "20.86.238.157",
              "20.86.238.242",
              "20.86.239.190",
              "20.105.216.4"
            ],
            "outbound_ip_addresses": "20.86.239.120,20.86.239.164,20.86.238.36,20.86.238.157,20.86.238.242,20.86.239.190,20.105.216.4",
            "possible_outbound_ip_address_list": [
              "20.86.239.120",
              "20.86.239.164",
              "20.86.238.36",
              "20.86.238.157",
              "20.86.238.242",
              "20.86.239.190",
              "20.86.239.199",
              "20.76.178.55",
              "20.103.98.20",
              "20.103.98.22",
              "20.86.236.158",
              "20.103.98.59",
              "20.103.98.65",
              "20.103.98.67",
              "20.103.98.68",
              "20.86.237.153",
              "20.103.98.75",
              "20.103.98.90",
              "20.76.183.151",
              "20.103.98.95",
              "20.103.98.96",
              "20.103.98.114",
              "20.103.98.117",
              "20.103.98.123",
              "20.105.216.4"
            ],
            "possible_outbound_ip_addresses": "20.86.239.120,20.86.239.164,20.86.238.36,20.86.238.157,20.86.238.242,20.86.239.190,20.86.239.199,20.76.178.55,20.103.98.20,20.103.98.22,20.86.236.158,20.103.98.59,20.103.98.65,20.103.98.67,20.103.98.68,20.86.237.153,20.103.98.75,20.103.98.90,20.76.183.151,20.103.98.95,20.103.98.96,20.103.98.114,20.103.98.117,20.103.98.123,20.105.216.4",
            "resource_group_name": "Prasanga-test-rg",
            "service_plan_id": "/subscriptions/39f138b6-9b8c-448b-bfae-d1da7442b445/resourceGroups/Prasanga-test-rg/providers/Microsoft.Web/serverfarms/webapp-asp-63996",
            "site_config": [
              {
                "always_on": true,
                "api_definition_url": "",
                "api_management_api_id": "",
                "app_command_line": "",
                "application_stack": [
                  {
                    "docker_image": "",
                    "docker_image_tag": "",
                    "dotnet_version": "",
                    "java_server": "",
                    "java_server_version": "",
                    "java_version": "",
                    "node_version": "16-lts",
                    "php_version": "",
                    "python_version": "",
                    "ruby_version": ""
                  }
                ],
                "auto_heal_enabled": false,
                "auto_heal_setting": [],
                "container_registry_managed_identity_client_id": "",
                "container_registry_use_managed_identity": false,
                "cors": [],
                "default_documents": [
                  "Default.htm",
                  "Default.html",
                  "Default.asp",
                  "index.htm",
                  "index.html",
                  "iisstart.htm",
                  "default.aspx",
                  "index.php",
                  "hostingstart.html"
                ],
                "detailed_error_logging_enabled": false,
                "ftps_state": "Disabled",
                "health_check_eviction_time_in_min": 0,
                "health_check_path": "",
                "http2_enabled": false,
                "ip_restriction": [],
                "linux_fx_version": "NODE|16-lts",
                "load_balancing_mode": "LeastRequests",
                "local_mysql_enabled": false,
                "managed_pipeline_mode": "Integrated",
                "minimum_tls_version": "1.2",
                "remote_debugging_enabled": false,
                "remote_debugging_version": "VS2019",
                "scm_ip_restriction": [],
                "scm_minimum_tls_version": "1.2",
                "scm_type": "None",
                "scm_use_main_ip_restriction": false,
                "use_32_bit_worker": true,
                "vnet_route_all_enabled": false,
                "websockets_enabled": false,
                "worker_count": 1
              }
            ],
            "site_credential": [
              {
                "name": "$webapp-63996",
                "password": "8CuqiArnppvu0WbJBHndgL06goJindDajBzfnFTGmC6vCNy01ohgmyMKo7yn"
              }
            ],
            "storage_account": [],
            "tags": null,
            "timeouts": null
          },
          "sensitive_attributes": [],
          "private": "eyJlMmJmYjczMC1lY2FhLTExZTYtOGY4OC0zNDM2M2JjN2M0YzAiOnsiY3JlYXRlIjoxODAwMDAwMDAwMDAwLCJkZWxldGUiOjE4MDAwMDAwMDAwMDAsInJlYWQiOjMwMDAwMDAwMDAwMCwidXBkYXRlIjoxODAwMDAwMDAwMDAwfX0=",
          "dependencies": [
            "azurerm_resource_group.Prasanga",
            "azurerm_service_plan.example2",
            "random_integer.ri"
          ]
        }
      ]
    },
    {
      "mode": "managed",
      "type": "azurerm_resource_group",
      "name": "Prasanga",
      "provider": "provider[\"registry.terraform.io/hashicorp/azurerm\"]",
      "instances": [
        {
          "schema_version": 0,
          "attributes": {
            "id": "/subscriptions/39f138b6-9b8c-448b-bfae-d1da7442b445/resourceGroups/Prasanga-test-rg",
            "location": "westeurope",
            "name": "Prasanga-test-rg",
            "tags": null,
            "timeouts": null
          },
          "sensitive_attributes": [],
          "private": "eyJlMmJmYjczMC1lY2FhLTExZTYtOGY4OC0zNDM2M2JjN2M0YzAiOnsiY3JlYXRlIjo1NDAwMDAwMDAwMDAwLCJkZWxldGUiOjU0MDAwMDAwMDAwMDAsInJlYWQiOjMwMDAwMDAwMDAwMCwidXBkYXRlIjo1NDAwMDAwMDAwMDAwfX0="
        }
      ]
    },
    {
      "mode": "managed",
      "type": "azurerm_service_plan",
      "name": "example2",
      "provider": "provider[\"registry.terraform.io/hashicorp/azurerm\"]",
      "instances": [
        {
          "schema_version": 0,
          "attributes": {
            "app_service_environment_id": "",
            "id": "/subscriptions/39f138b6-9b8c-448b-bfae-d1da7442b445/resourceGroups/Prasanga-test-rg/providers/Microsoft.Web/serverfarms/webapp-asp-63996",
            "kind": "linux",
            "location": "westeurope",
            "maximum_elastic_worker_count": 1,
            "name": "webapp-asp-63996",
            "os_type": "Linux",
            "per_site_scaling_enabled": false,
            "reserved": true,
            "resource_group_name": "Prasanga-test-rg",
            "sku_name": "B1",
            "tags": null,
            "timeouts": null,
            "worker_count": 1
          },
          "sensitive_attributes": [],
          "private": "eyJlMmJmYjczMC1lY2FhLTExZTYtOGY4OC0zNDM2M2JjN2M0YzAiOnsiY3JlYXRlIjozNjAwMDAwMDAwMDAwLCJkZWxldGUiOjM2MDAwMDAwMDAwMDAsInJlYWQiOjMwMDAwMDAwMDAwMCwidXBkYXRlIjozNjAwMDAwMDAwMDAwfX0=",
          "dependencies": [
            "azurerm_resource_group.Prasanga",
            "random_integer.ri"
          ]
        }
      ]
    },
    {
      "mode": "managed",
      "type": "random_integer",
      "name": "ri",
      "provider": "provider[\"registry.terraform.io/hashicorp/random\"]",
      "instances": [
        {
          "schema_version": 0,
          "attributes": {
            "id": "63996",
            "keepers": null,
            "max": 99999,
            "min": 10000,
            "result": 63996,
            "seed": null
          },
          "sensitive_attributes": []
        }
      ]
    }
  ],
  "check_results": []
}
